lockfileVersion: '9.0'

settings:
  autoInstallPeers: true
  excludeLinksFromLockfile: false

importers:

  .:
    devDependencies:
      '@cucumber/cucumber':
        specifier: 7.3.1
        version: 7.3.1
      '@cucumber/pretty-formatter':
        specifier: ^3.2.0
        version: 3.3.1(@cucumber/messages@16.0.1)
      '@playwright/test':
        specifier: ^1.59.1
        version: 1.63.0
      '@types/node':
        specifier: ^20
        version: 20.19.43
      ts-node:
        specifier: ^10.9.2
        version: 10.9.2(@types/node@20.19.43)(typescript@6.0.3)
      typescript:
        specifier: ^6.0.3
        version: 6.0.3

packages:

  '@colors/colors@1.5.0':
    resolution: {integrity: sha512-ooWCrlZP11i8GImSjTHYHLkvFDP48nS4+204nGb1RiX/WXYHmJA2III9/e2DWVabCESdW7hBAEzHRqUn9OUVvQ==}
    engines: {node: '>=0.1.90'}

  '@cspotcode/source-map-support@0.8.1':
    resolution: {integrity: sha512-IchNf6dN4tHoMFIn/7OE8LWZ19Y6q/67Bmf6vnGREv8RSbBVb9LPJxEcnwrcwX6ixSvaiGoomAUvu4YSxXrVgw==}
    engines: {node: '>=12'}

  '@cucumber/create-meta@5.0.0':
    resolution: {integrity: sha512-Z5kMZkUff00S3/KSnKzB/KOm2UIxMXY1xXmj2dQMlD49lV6v/W8EEvgDMNtQotQNSOQU5bDupmWQpk+o16tXIw==}
    deprecated: Package no longer supported. Contact Support at https://www.npmjs.com/support for more info.

  '@cucumber/cucumber-expressions@12.1.3':
    resolution: {integrity: sha512-LB8MAzE4F/t2KIgsDEz4gZH0xSI4aG0/LmYUPyISPPjUS1pI/yGWWyeX2WsiUQxpSs765WcNIq5Bggt7gGGO3Q==}

  '@cucumber/cucumber@7.3.1':
    resolution: {integrity: sha512-x1+/AvouZy205ZvfYbeEVat5aBAj4EeLt9TZfD7pO9j+tQ3W6uxSuDB1TKfxAXFU3WYrswor0CXoJBYOIZhzMw==}
    engines: {node: '>=10'}
    hasBin: true

  '@cucumber/gherkin-streams@2.0.2':
    resolution: {integrity: sha512-cKmXOBz4OwGlrHMBCc4qCC3KzLaqcEZ11nWWskIbv6jyfvlIRuM2OgEF6VLcNVewczifW1p6DrDj0OO+BeXocA==}
    hasBin: true

  '@cucumber/gherkin@19.0.3':
    resolution: {integrity: sha512-gWdMm8mfRk3P+VugJWvNALaQV5QnT+5RkqWy3tO+4NsMSQZPo5p4V4vXwriQZ/sZR1Wni5TDRztuRsKLgZ3XHA==}

  '@cucumber/html-formatter@15.0.2':
    resolution: {integrity: sha512-j+YGY4ytj78G/v1gZo53D+vuKXlTg/oxNwSCCGvRQo75+AqYDJSkm/vexXJQ5lY1rXAvlbZ9KI6jhg6LDs0YdQ==}
    hasBin: true

  '@cucumber/message-streams@2.1.0':
    resolution: {integrity: sha512-Yh3mw3qv6QL9NI/ihkZF8V9MX2GbnR6oktv34kC3uAbrQy9d/b2SZ3HNjG3J9JQqpV4B7Om3SPElJYIeo66TrA==}

  '@cucumber/messages@16.0.1':
    resolution: {integrity: sha512-80JcaAfQragFqR1rMhRwiqWL9HcR6Z4LDD2mfF0Lxg/lFkCNvmWa9Jl10NUNfFXYD555NKPzP/8xFo55abw8TQ==}

  '@cucumber/pretty-formatter@3.3.1':
    resolution: {integrity: sha512-wy8M/Poaqnoom+YP1mzZMfHEE3pP9/0JAYajkjpHTtanp4KJGpAXdukuUYbmmgFjRXUmUSK3s5I+I5+f+q2blA==}
    peerDependencies:
      '@cucumber/messages': '*'

  '@cucumber/query@15.0.1':
    resolution: {integrity: sha512-FMfT3orJblRsOxvU2doECBvQmauizYlj+5JsM8atAKKPbnQTj7v2/OrnuykvQpfZNBf19DYbRq1e832vllRP/g==}
    peerDependencies:
      '@cucumber/messages': '*'

  '@cucumber/tag-expressions@3.0.1':
    resolution: {integrity: sha512-OGCXaJ1BQXmQ5b9pw+JYsBGumK2/LPZiLmbj1o1JFVeSNs2PY8WPQFSyXrskhrHz5Nd/6lYg7lvGMtFHOncC4w==}

  '@jridgewell/resolve-uri@3.1.2':
    resolution: {integrity: sha512-bRISgCIjP20/tbWSPWMEi54QVPRZExkuD9lJL+UIxUKtwVJA8wW1Trb1jMs1RFXo1CBTNZ/5hpC9QvmKWdopKw==}
    engines: {node: '>=6.0.0'}

  '@jridgewell/sourcemap-codec@1.6.0':
    resolution: {integrity: sha512-T7jf+5zgsZHwNJ4lvQ7/aezbyk0nNX+zJVWpmHA7VYsEx7a7qr5Rg5IbtJFqkgze5Y2sruq1RUY8Q837Od7iFw==}

  '@jridgewell/trace-mapping@0.3.9':
    resolution: {integrity: sha512-3Belt6tdc8bPgAtbcmdtNJlirVoTmEb5e2gC94PnkwEW9jI6CAHUeoG85tjWP5WquqfavoMtMwiG4P926ZKKuQ==}

  '@playwright/test@1.63.0':
    resolution: {integrity: sha512-oxMK4vllB9RK5NQ2l1pq1IfOf2AvnEuj/vYGDj0H2nMtmtZpKtCwt/l00GEO6xjGfpBNAvjovvYdCm50dRQkpQ==}
    engines: {node: '>=20'}
    hasBin: true

  '@teppeis/multimaps@3.0.0':
    resolution: {integrity: sha512-ID7fosbc50TbT0MK0EG12O+gAP3W3Aa/Pz4DaTtQtEvlc9Odaqi0de+xuZ7Li2GtK4HzEX7IuRWS/JmZLksR3Q==}
    engines: {node: '>=14'}

  '@tsconfig/node10@1.0.13':
    resolution: {integrity: sha512-gcLdvR9HO1ZJBypsOGqaP6TFEzb6vIta0KSTLt9NAQ6pXQO3cRgSVyCN6pzYqI9DlJgY71XKO0dpDhCf08b3pg==}

  '@tsconfig/node12@1.0.11':
    resolution: {integrity: sha512-cqefuRsh12pWyGsIoBKJA9luFu3mRxCA+ORZvA4ktLSzIuCUtWVxGIuXigEwO5/ywWFMZ2QEGKWvkZG1zDMTag==}

  '@tsconfig/node14@1.0.3':
    resolution: {integrity: sha512-ysT8mhdixWK6Hw3i1V2AeRqZ5WfXg1G43mqoYlM2nc6388Fq5jcXyr5mRsqViLx/GJYdoL0bfXD8nmF+Zn/Iow==}

  '@tsconfig/node16@1.0.4':
    resolution: {integrity: sha512-vxhUy4J8lyeyinH7Azl1pdd43GJhZH/tP2weN8TntQblOY+A0XbT8DJk1/oCPuOOyg/Ja757rG0CgHcWC8OfMA==}

  '@types/node@20.19.43':
    resolution: {integrity: sha512-6oYBAi5ikg4Pl+kGsoYtawUMBT2zZMCvPNF7pVLnHZfd1zf38DRiWn/gT01RYCdUqkv7Fhr+C9ot4/tb+2sVvA==}

  '@types/uuid@8.3.0':
    resolution: {integrity: sha512-eQ9qFW/fhfGJF8WKHGEHZEyVWfZxrT+6CLIJGBcZPfxUh/+BnEj+UCGYMlr9qZuX/2AltsvwrGqp0LhEW8D0zQ==}

  acorn-walk@8.3.5:
    resolution: {integrity: sha512-HEHNfbars9v4pgpW6SO1KSPkfoS0xVOM/9UzkJltjlsHZmJasxg8aXkuZa7SMf8vKGIBhpUsPluQSqhJFCqebw==}
    engines: {node: '>=0.4.0'}

  acorn@8.18.0:
    resolution: {integrity: sha512-lGq+9yr1/GuAWaVYIHRjvvySG5/4VfKIvC8EWxStPdcDh/Ka7FG3twP6v4d5BkravUilhIAsG4Qj83t02LWUPQ==}
    engines: {node: '>=0.4.0'}
    hasBin: true

  ansi-regex@5.0.1:
    resolution: {integrity: sha512-quJQXlTSUGL2LH9SUXo8VwsY4soanhgo6LNSm84E1LBcE8s3O0wpdiRzyR9z/ZZJMlMWv37qOOb9pdJlMUEKFQ==}
    engines: {node: '>=8'}

  any-promise@1.3.0:
    resolution: {integrity: sha512-7UvmKalWRt1wgjL1RrGxoSJW/0QZFIegpeGvZG9kjp8vrRu55XTHbwnqq2GpXm9uLbcuhxm3IqX9OB4MZR1b2A==}

  arg@4.1.3:
    resolution: {integrity: sha512-58S9QDqG0Xx27YwPSt9fJxivjYl432YCwfDMfZ+71RAqUrZef7LrKQZ3LHLOwCS4FLNBplP533Zx895SeOCHvA==}

  assert-plus@1.0.0:
    resolution: {integrity: sha512-NfJ4UzBCcQGLDlQq7nHxH+tv3kyZ0hHQqF5BO6J7tNJeP5do1llPr8dZ8zHonfhAu0PHAdMkSo+8o0wxg9lZWw==}
    engines: {node: '>=0.8'}

  assertion-error-formatter@3.0.0:
    resolution: {integrity: sha512-6YyAVLrEze0kQ7CmJfUgrLHb+Y7XghmL2Ie7ijVa2Y9ynP3LV+VDiwFk62Dn0qtqbmY0BT0ss6p1xxpiF2PYbQ==}

  balanced-match@1.0.2:
    resolution: {integrity: sha512-3oSeUO0TMV67hN1AmbXsK4yaqU7tjiHlbxRDZOpH0KW9+CeX4bRAaX0Anxt0tx2MrpRpWwQaPwIlISEJhYU5Pw==}

  bluebird@3.7.2:
    resolution: {integrity: sha512-XpNj6GDQzdfW+r2Wnn7xiSAd7TM3jzkxGXBGTtWKuSXv1xUV+azxAm8jdWZN06QTQk+2N2XB9jRDkvbmQmcRtg==}

  brace-expansion@1.1.21:
    resolution: {integrity: sha512-9zeA+KLZNNzglF2TPKRQEDyx6Yby7daAkuy8MiPzpXPsYDWi/DRM8jmwUDxokQjYqBpv5DgPiwD4h4ZZSy1Ujw==}

  buffer-from@1.1.2:
    resolution: {integrity: sha512-E+XQCRwSbaaiChtv6k6Dwgc+bx+Bs6vuKJHHl5kox/BaKbhiXzqQOwK4cO22yElGp2OCmjwVhT3HmxgyPGnJfQ==}

  capital-case@1.0.4:
    resolution: {integrity: sha512-ds37W8CytHgwnhGGTi88pcPyR15qoNkOpYwmMMfnWqqWgESapLqvDx6huFjQ5vqWSn2Z06173XNA7LtMOeUh1A==}

  class-transformer@0.4.0:
    resolution: {integrity: sha512-ETWD/H2TbWbKEi7m9N4Km5+cw1hNcqJSxlSYhsLsNjQzWWiZIYA1zafxpK9PwVfaZ6AqR5rrjPVUBGESm5tQUA==}

  cli-table3@0.6.5:
    resolution: {integrity: sha512-+W/5efTR7y5HRD7gACw9yQjqMVvEMLBHmboM/kPWam+H+Hmyrgjh6YncVKK122YZkXrLudzTuAukUw9FnMf7IQ==}
    engines: {node: 10.* || >= 12.*}

  colors@1.4.0:
    resolution: {integrity: sha512-a+UqTh4kgZg/SlGvfbzDHpgRu7AAQOmmqRHJnxhRZICKFUT91brVhNNt58CMWU9PsBbv3PDCZUHbVxuDiH2mtA==}
    engines: {node: '>=0.1.90'}

  commander@7.2.0:
    resolution: {integrity: sha512-QrWXB+ZQSVPmIWIhtEO9H+gwHaMGYiF5ChvoJ+K9ZGHG/sVsa6yiesAD1GC/x46sET00Xlwo1u49RVVVzvcSkw==}
    engines: {node: '>= 10'}

  concat-map@0.0.1:
    resolution: {integrity: sha512-/Srv4dswyQNBfohGpz9o6Yb3Gz3SrUDqBH5rTuhGR7ahtlbYKnVxw2bCFMRljaA7EXHaXZ8wsHdodFvbkhKmqg==}

  core-util-is@1.0.2:
    resolution: {integrity: sha512-3lqz5YjWTYnW6dlDa5TLaTCcShfar1e40rmcJVwCBJC6mWlFuj0eCHIElmG1g5kyuJ/GD+8Wn4FFCcz4gJPfaQ==}

  create-require@1.1.1:
    resolution: {integrity: sha512-dcKFX3jn0MpIaXjisoRvexIJVEKzaq7z2rZKxf+MSr9TkdmHmsU4m2lcLojrj/FHl8mk5VxMmYA+ftRkP/3oKQ==}

  d@1.0.2:
    resolution: {integrity: sha512-MOqHvMWF9/9MX6nza0KgvFH4HpMU0EF5uUDXqX/BtxtU8NfB0QzRtJ8Oe/6SuS4kbhyzVJwjd97EA4PKrzJ8bw==}
    engines: {node: '>=0.12'}

  diff@4.0.4:
    resolution: {integrity: sha512-X07nttJQkwkfKfvTPG/KSnE2OMdcUCao6+eXF3wmnIQRn2aPAHH3VxDbDOdegkd6JbPsXqShpvEOHfAT+nCNwQ==}
    engines: {node: '>=0.3.1'}

  duration@0.2.2:
    resolution: {integrity: sha512-06kgtea+bGreF5eKYgI/36A6pLXggY7oR4p1pq4SmdFBn1ReOL5D8RhG64VrqfTTKNucqqtBAwEj8aB88mcqrg==}

  durations@3.4.2:
    resolution: {integrity: sha512-V/lf7y33dGaypZZetVI1eu7BmvkbC4dItq12OElLRpKuaU5JxQstV2zHwLv8P7cNbQ+KL1WD80zMCTx5dNC4dg==}
    engines: {node: '>=0.10.0'}

  emoji-regex@8.0.0:
    resolution: {integrity: sha512-MSjYzcWNOA0ewAHpz0MxpYFvwg6yjy1NG3xteoqz644VCo/RPgnr1/GGt+ic3iJTzQ8Eu3TdM14SawnVUmGE6A==}

  error-stack-parser@2.1.4:
    resolution: {integrity: sha512-Sk5V6wVazPhq5MhpO+AUxJn5x7XSXGl1R93Vn7i+zS15KDVxQijejNCrz8340/2bgLBjR9GtEG8ZVKONDjcqGQ==}

  es-errors@1.3.0:
    resolution: {integrity: sha512-Zf5H2Kxt2xjTvbJvP2ZWLEICxA6j+hAmMzIlypy4xcBg1vKVnx89Wy0GbS+kf5cwCVFFzdCFh2XSCFNULS6csw==}
    engines: {node: '>= 0.4'}

  es5-ext@0.10.64:
    resolution: {integrity: sha512-p2snDhiLaXe6dahss1LddxqEm+SkuDvV8dnIQG0MWjyHpcMNfXKPE+/Cc0y+PhxJX3A4xGNeFCj5oc0BUh6deg==}
    engines: {node: '>=0.10'}

  es6-iterator@2.0.3:
    resolution: {integrity: sha512-zw4SRzoUkd+cl+ZoE15A9o1oQd920Bb0iOJMQkQhl3jNc03YqVjAhG7scf9C5KWRU/R13Orf588uCC6525o02g==}

  es6-symbol@3.1.4:
    resolution: {integrity: sha512-U9bFFjX8tFiATgtkJ1zg25+KviIXpgRvRHS8sau3GfhVzThRQrOeksPeT0BWW2MNZs1OEWJ1DPXOQMn0KKRkvg==}
    engines: {node: '>=0.12'}

  escape-string-regexp@1.0.5:
    resolution: {integrity: sha512-vbRorB5FUQWvla16U8R/qgaFIya2qGzwDrNmCZuYKrbdSUMG6I1ZCGQRefkRVhuOkIGVne7BQ35DSfo1qvJqFg==}
    engines: {node: '>=0.8.0'}

  esniff@2.0.1:
    resolution: {integrity: sha512-kTUIGKQ/mDPFoJ0oVfcmyJn4iBDRptjNVIzwIFR7tqWXdVI9xfA2RMwY/gbSpJG3lkdWNEjLap/NqVHZiJsdfg==}
    engines: {node: '>=0.10'}

  event-emitter@0.3.5:
    resolution: {integrity: sha512-D9rRn9y7kLPnJ+hMq7S/nhvoKwwvVJahBi2BPmx3bvbsEdK3W9ii8cBSGjP+72/LnM4n6fo3+dkCX5FeTQruXA==}

  ext@1.7.0:
    resolution: {integrity: sha512-6hxeJYaL110a9b5TEJSj0gojyHQAmA2ch5Os+ySCiA1QGdS697XWY1pzsrSjqA9LDEEgdB/KypIlR59RcLuHYw==}

  extsprintf@1.4.1:
    resolution: {integrity: sha512-Wrk35e8ydCKDj/ArClo1VrPVmN8zph5V4AtHwIuHhvMXsKf73UT3BOD+azBIW+3wOJ4FhEH7zyaJCFvChjYvMA==}
    engines: {'0': node >=0.6.0}

  figures@3.2.0:
    resolution: {integrity: sha512-yaduQFRKLXYOGgEn6AZau90j3ggSOyiqXU0F9JZfeXYhNa+Jk4X+s45A2zg5jns87GAFa34BBm2kXw4XpNcbdg==}
    engines: {node: '>=8'}

  fs.realpath@1.0.0:
    resolution: {integrity: sha512-OO0pH2lK6a0hZnAdau5ItzHPI6pUlvI7jMVnxUQRtw4owF2wk8lOSabtGDCTP4Ggrg2MbGnWO9X8K1t4+fGMDw==}

  function-bind@1.1.2:
    resolution: {integrity: sha512-7XHNxH7qX9xG5mIwxkhumTox/MIRNcOgDrxWsMt2pAr23WHp6MrRlN7FBSFpCpr+oVO0F744iUgR82nJMfG2SA==}

  glob@7.2.3:
    resolution: {integrity: sha512-nFR0zLpU2YCaRxwoCJvL6UvCH2JFyFVIvwTLsIf21AuHlMskA1hhTdk+LlYJtOlYt9v6dvszD2BGRqBL+iQK9Q==}
    deprecated: Old versions of glob are not supported, and contain widely publicized security vulnerabilities, which have been fixed in the current version. Please update. Support for old versions may be purchased (at exorbitant rates) by contacting i@izs.me

  hasown@2.0.4:
    resolution: {integrity: sha512-T2UbfbBEF32wiepXIsMlTW9+dDYC6wMh/t/vYA4tuOMKqWz/n3vr1NFSxQiyP+zk2mXsoMA/i/7qV6LKut1t1A==}
    engines: {node: '>= 0.4'}

  indent-string@4.0.0:
    resolution: {integrity: sha512-EdDDZu4A2OyIK7Lr/2zG+w5jmbuk1DVBnEwREQvBzspBJkCEbRa8GxU1lghYcaGJCnRWibjDXlq779X1/y5xwg==}
    engines: {node: '>=8'}

  inflight@1.0.6:
    resolution: {integrity: sha512-k92I/b08q4wvFscXCLvqfsHCrjrF7yiXsQuIVvVE7N82W3+aqpzuUdBbfhWcy/FZR3/4IgflMgKLOsvPDrGCJA==}
    deprecated: This module is not supported, and leaks memory. Do not use it. Check out lru-cache if you want a good and tested way to coalesce async requests by a key value, which is much more comprehensive and powerful.

  inherits@2.0.4:
    resolution: {integrity: sha512-k/vGaX4/Yla3WzyMCvTQOXYeIHvqOKtnqBduzTHpzpQZzAskKMhZ2K+EnBiSM9zGSoIFeMpXKxa4dYeZIQqewQ==}

  is-core-module@2.17.0:
    resolution: {integrity: sha512-J/vG0zBCbIKOQFfufSwyXdMrsohyJIUNkrnmo6WZGzoM7tr/lsbfW5b2BvisL6zsyMzK9UxV9L6c7AoFbyXHOA==}
    engines: {node: '>= 0.4'}

  is-fullwidth-code-point@3.0.0:
    resolution: {integrity: sha512-zymm5+u+sCsSWyD9qNaejV3DFvhCKclKdizYaJUuHA83RLjb7nSuGnddCHGv0hk+KY7BMAlsWeK4Ueg6EV6XQg==}
    engines: {node: '>=8'}

  is-generator@1.0.3:
    resolution: {integrity: sha512-G56jBpbJeg7ds83HW1LuShNs8J73Fv3CPz/bmROHOHlnKkN8sWb9ujiagjmxxMUywftgq48HlBZELKKqFLk0oA==}

  is-stream@2.0.1:
    resolution: {integrity: sha512-hFoiJiTl63nn+kstHGBtewWSKnQLpyb155KHheA1l39uvtO9nWIop1p3udqPcUd/xbF1VLMO4n7OI6p7RbngDg==}
    engines: {node: '>=8'}

  knuth-shuffle-seeded@1.0.6:
    resolution: {integrity: sha512-9pFH0SplrfyKyojCLxZfMcvkhf5hH0d+UwR9nTVJ/DDQJGuzcXjTwB7TP7sDfehSudlGGaOLblmEWqv04ERVWg==}

  lodash.sortby@4.7.0:
    resolution: {integrity: sha512-HDWXG8isMntAyRF5vZ7xKuEvOhT4AhlRt/3czTSjvGUxjYCBVRQY48ViDHyfYz9VIoBkW4TMGQNapx+l3RUwdA==}

  lodash@4.18.1:
    resolution: {integrity: sha512-dMInicTPVE8d1e5otfwmmjlxkZoUpiVLwyeTdUsi/Caj/gfzzblBcCE5sRHV/AsjuCmxWrte2TNGSYuCeCq+0Q==}

  lower-case@2.0.2:
    resolution: {integrity: sha512-7fm3l3NAF9WfN6W3JOmf5drwpVqX78JtoGJ3A6W0a6ZnldM41w2fV5D490psKFTpMds8TJse/eHLFFsNHHjHgg==}

  luxon@3.7.2:
    resolution: {integrity: sha512-vtEhXh/gNjI9Yg1u4jX/0YVPMvxzHuGgCm6tC5kZyb08yjGWGnqAjGJvcXbqQR2P3MyMEFnRbpcdFS6PBcLqew==}
    engines: {node: '>=12'}

  make-error@1.3.6:
    resolution: {integrity: sha512-s8UhlNe7vPKomQhC1qFelMokr/Sc3AgNbso3n74mVPA5LTZwkB9NlXf4XPamLxJE8h0gh73rM94xvwRT2CVInw==}

  minimatch@3.1.5:
    resolution: {integrity: sha512-VgjWUsnnT6n+NUk6eZq77zeFdpW2LWDzP6zFGrCbHXiYNul5Dzqk2HHQ5uFH2DNW5Xbp8+jVzaeNt94ssEEl4w==}

  mz@2.7.0:
    resolution: {integrity: sha512-z81GNO7nnYMEhrGh9LeymoE4+Yr0Wn5McHIZMK5cfQCl+NDX08sCZgUc9/6MHni9IWuFLm1Z3HTCXu2z9fN62Q==}

  next-tick@1.1.0:
    resolution: {integrity: sha512-CXdUiJembsNjuToQvxayPZF9Vqht7hewsvy2sOWafLvi2awflj9mOC6bHIg50orX8IJvWKY9wYQ/zB2kogPslQ==}

  no-case@3.0.4:
    resolution: {integrity: sha512-fgAN3jGAh+RoxUGZHTSOLJIqUc2wmoBwGR4tbpNAKmmovFoWq0OdRkb0VkldReO2a2iBT/OEulG9XSUc10r3zg==}

  object-assign@4.1.1:
    resolution: {integrity: sha512-rJgTQnkUnH1sFw8yT6VSU3zD3sWmu6sZhIseY8VX+GRu3P6F7Fu+JNDoXfklElbLJSnc3FUQHVe4cU5hj+BcUg==}
    engines: {node: '>=0.10.0'}

  once@1.4.0:
    resolution: {integrity: sha512-lNaJgI+2Q5URQBkccEKHTQOPaXdUxnZZElQTZY0MFUAuaEqe1E+Nyvgdz/aIyNi6Z9MzO5dv1H8n58/GELp3+w==}

  pad-right@0.2.2:
    resolution: {integrity: sha512-4cy8M95ioIGolCoMmm2cMntGR1lPLEbOMzOKu8bzjuJP6JpzEMQcDHmh7hHLYGgob+nKe1YHFMaG4V59HQa89g==}
    engines: {node: '>=0.10.0'}

  path-is-absolute@1.0.1:
    resolution: {integrity: sha512-AVbw3UJ2e9bq64vSaS9Am0fje1Pa8pbGqTTsmXfaIiMpnr5DlDhfJOuLj9Sf95ZPVDAUerDfEk88MPmPe7UCQg==}
    engines: {node: '>=0.10.0'}

  path-parse@1.0.7:
    resolution: {integrity: sha512-LDJzPVEEEPR+y48z93A0Ed0yXb8pAByGWo/k5YYdYgpY2/2EsOsksJrq7lOHxryrVOn1ejG6oAp8ahvOIQD8sw==}

  playwright-core@1.63.0:
    resolution: {integrity: sha512-rYCsBF/M5HjUch52bbtVONEFjv6Xu8sm8h72dNlR5bzIE1fvC/bxgspzkjSfU+MweEMmPM8KJebG6nnyxo5mCg==}
    engines: {node: '>=20'}
    hasBin: true

  playwright@1.63.0:
    resolution: {integrity: sha512-+7ziBLidS4NaNCdt57SUDT+wYmmd5fmiQejUic/kb+YsYSCPyOOE9sebzMjNmQrsnNpDJqd4WHvV/8lfKfUDUg==}
    engines: {node: '>=20'}
    hasBin: true

  progress@2.0.3:
    resolution: {integrity: sha512-7PiHtLll5LdnKIMw100I+8xJXR5gW2QwWYkT6iJva0bXitZKa/XMrSbdmg3r2Xnaidz9Qumd0VPaMrZlF9V9sA==}
    engines: {node: '>=0.4.0'}

  reflect-metadata@0.1.13:
    resolution: {integrity: sha512-Ts1Y/anZELhSsjMcU605fU9RE4Oi3p5ORujwbIKXfWa+0Zxs510Qrmrce5/Jowq3cHSZSJqBjypxmHarc+vEWg==}

  regexp-match-indices@1.0.2:
    resolution: {integrity: sha512-DwZuAkt8NF5mKwGGER1EGh2PRqyvhRhhLviH+R8y8dIuaQROlUfXjt4s9ZTXstIsSkptf06BSvwcEmmfheJJWQ==}

  regexp-tree@0.1.27:
    resolution: {integrity: sha512-iETxpjK6YoRWJG5o6hXLwvjYAoW+FEZn9os0PD/b6AP6xQwsa/Y7lCVgIixBbUPMfhu+i2LtdeAqVTgGlQarfA==}
    hasBin: true

  repeat-string@1.6.1:
    resolution: {integrity: sha512-PV0dzCYDNfRi1jCDbJzpW7jNNDRuCOG/jI5ctQcGKt/clZD+YcPS3yIlWuTJMmESC8aevCFmWJy5wjAFgNqN6w==}
    engines: {node: '>=0.10'}

  resolve-from@5.0.0:
    resolution: {integrity: sha512-qYg9KP24dD5qka9J47d0aVky0N+b4fTU89LN9iDnjB5waksiC49rvMB0PrUJQGoTmH50XPiqOvAjDfaijGxYZw==}
    engines: {node: '>=8'}

  resolve-pkg@2.0.0:
    resolution: {integrity: sha512-+1lzwXehGCXSeryaISr6WujZzowloigEofRB+dj75y9RRa/obVcYgbHJd53tdYw8pvZj8GojXaaENws8Ktw/hQ==}
    engines: {node: '>=8'}

  resolve@1.22.12:
    resolution: {integrity: sha512-TyeJ1zif53BPfHootBGwPRYT1RUt6oGWsaQr8UyZW/eAm9bKoijtvruSDEmZHm92CwS9nj7/fWttqPCgzep8CA==}
    engines: {node: '>= 0.4'}
    hasBin: true

  seed-random@2.2.0:
    resolution: {integrity: sha512-34EQV6AAHQGhoc0tn/96a9Fsi6v2xdqe/dMUwljGRaFOzR3EgRmECvD0O8vi8X+/uQ50LGHfkNu/Eue5TPKZkQ==}

  source-map-support@0.5.19:
    resolution: {integrity: sha512-Wonm7zOCIJzBGQdB+thsPar0kYuCIzYvxZwlBa87yi/Mdjv7Tip2cyVbLj5o0cFPN4EVkuTwb3GDDyUx2DGnGw==}

  source-map@0.5.6:
    resolution: {integrity: sha512-MjZkVp0NHr5+TPihLcadqnlVoGIoWo4IBHptutGh9wI3ttUYvCG26HkSuDi+K6lsZ25syXJXcctwgyVCt//xqA==}
    engines: {node: '>=0.10.0'}

  source-map@0.6.1:
    resolution: {integrity: sha512-UjgapumWlbMhkBgzT7Ykc5YXUT46F0iKu8SGXq0bcwP5dz/h0Plj6enJqjz1Zbq2l5WaqYnrVbwWOWMyF3F47g==}
    engines: {node: '>=0.10.0'}

  stack-chain@2.0.0:
    resolution: {integrity: sha512-GGrHXePi305aW7XQweYZZwiRwR7Js3MWoK/EHzzB9ROdc75nCnjSJVi21rdAGxFl+yCx2L2qdfl5y7NO4lTyqg==}

  stack-generator@2.0.10:
    resolution: {integrity: sha512-mwnua/hkqM6pF4k8SnmZ2zfETsRUpWXREfA/goT8SLCV4iOFa4bzOX2nDipWAZFPTjLvQB82f5yaodMVhK0yJQ==}

  stackframe@1.3.4:
    resolution: {integrity: sha512-oeVtt7eWQS+Na6F//S4kJ2K2VbRlS9D43mAlMyVpVWovy9o+jfgH8O9agzANzaiLjclA0oYzUXEM4PurhSUChw==}

  stacktrace-gps@3.1.2:
    resolution: {integrity: sha512-GcUgbO4Jsqqg6RxfyTHFiPxdPqF+3LFmQhm7MgCuYQOYuWyqxo5pwRPz5d/u6/WYJdEnWfK4r+jGbyD8TSggXQ==}

  stacktrace-js@2.0.2:
    resolution: {integrity: sha512-Je5vBeY4S1r/RnLydLl0TBTi3F2qdfWmYsGvtfZgEI+SCprPppaIhQf5nGcal4gI4cGpCV/duLcAzT1np6sQqg==}

  string-argv@0.3.2:
    resolution: {integrity: sha512-aqD2Q0144Z+/RqG52NeHEkZauTAUWJO8c6yTftGJKO3Tja5tUgIfmIl6kExvhtxSDP7fXB6DvzkfMpCd/F3G+Q==}
    engines: {node: '>=0.6.19'}

  string-width@4.2.3:
    resolution: {integrity: sha512-wKyQRQpjJ0sIp62ErSZdGsjMJWsap5oRNihHhu6G7JVO/9jIB6UyevL+tXuOqrng8j/cxKTWyWUwvSTriiZz/g==}
    engines: {node: '>=8'}

  strip-ansi@6.0.1:
    resolution: {integrity: sha512-Y38VPSHcqkFrCpFnQ9vuSXmquuv5oXOKpGeT6aGrr3o3Gc9AlVa6JBfUSOCnbxGGZF+/0ooI7KrPuUSztUdU5A==}
    engines: {node: '>=8'}

  supports-preserve-symlinks-flag@1.0.0:
    resolution: {integrity: sha512-ot0WnXS9fgdkgIcePe6RHNk1WA8+muPa6cSjeR3V8K27q9BB1rTE3R1p7Hv0z1ZyAc8s6Vvv8DIyWf681MAt0w==}
    engines: {node: '>= 0.4'}

  thenify-all@1.6.0:
    resolution: {integrity: sha512-RNxQH/qI8/t3thXJDwcstUO4zeqo64+Uy/+sNVRBx4Xn2OX+OZ9oP+iJnNFqplFra2ZUVeKCSa2oVWi3T4uVmA==}
    engines: {node: '>=0.8'}

  thenify@3.3.1:
    resolution: {integrity: sha512-RVZSIV5IG10Hk3enotrhvz0T9em6cyHBLkH/YAZuKqd8hRkKhSfCGIcP2KUY0EPxndzANBmNllzWPwak+bheSw==}

  tmp@0.2.7:
    resolution: {integrity: sha512-e0votIpp4Uo2AJYSzVHV6xCcawuiez3DzqDAbrTc3YxBkplN6e+dM13ZeIcZnDg/QpSuU2zfZ3rzwY8ukEnaXw==}
    engines: {node: '>=14.14'}

  ts-node@10.9.2:
    resolution: {integrity: sha512-f0FFpIdcHgn8zcPSbf1dRevwt047YMnaiJM3u2w2RewrB+fob/zePZcrOyQoLMMO7aBIddLcQIEK5dYjkLnGrQ==}
    hasBin: true
    peerDependencies:
      '@swc/core': '>=1.2.50'
      '@swc/wasm': '>=1.2.50'
      '@types/node': '*'
      typescript: '>=2.7'
    peerDependenciesMeta:
      '@swc/core':
        optional: true
      '@swc/wasm':
        optional: true

  tslib@2.8.1:
    resolution: {integrity: sha512-oJFu94HQb+KVduSUQL7wnpmqnfmLsOA/nAh6b6EH0wCEoK0/mPeXU6c3wKDV83MkOuHPRHtSXKKU99IBazS/2w==}

  type@2.7.3:
    resolution: {integrity: sha512-8j+1QmAbPvLZow5Qpi6NCaN8FB60p/6x8/vfNqOk/hC+HuvFZhL4+WfekuhQLiqFZXOgQdrs3B+XxEmCc6b3FQ==}

  typescript@6.0.3:
    resolution: {integrity: sha512-y2TvuxSZPDyQakkFRPZHKFm+KKVqIisdg9/CZwm9ftvKXLP8NRWj38/ODjNbr43SsoXqNuAisEf1GdCxqWcdBw==}
    engines: {node: '>=14.17'}
    hasBin: true

  undici-types@6.21.0:
    resolution: {integrity: sha512-iwDZqg0QAGrg9Rav5H4n0M64c3mkR59cJ6wQp+7C4nI0gsmExaedaYLNO44eT4AtBBwjbTiGPMlt2Md0T9H9JQ==}

  upper-case-first@2.0.2:
    resolution: {integrity: sha512-514ppYHBaKwfJRK/pNC6c/OxfGa0obSnAl106u97Ed0I625Nin96KAjttZF6ZL3e1XLtphxnqrOi9iWgm+u+bg==}

  util-arity@1.1.0:
    resolution: {integrity: sha512-kkyIsXKwemfSy8ZEoaIz06ApApnWsk5hQO0vLjZS6UkBiGiW++Jsyb8vSBoc0WKlffGoGs5yYy/j5pp8zckrFA==}

  uuid@8.3.2:
    resolution: {integrity: sha512-+NYs2QeMWy+GWFOEm9xnn6HCDp0l7QBD7ml8zLUmJ+93Q5NF0NocErnwkTkXVFNiX3/fpC6afS8Dhb/gz7R7eg==}
    deprecated: uuid@10 and below is no longer supported.  For ESM codebases, update to uuid@latest.  For CommonJS codebases, use uuid@11 (but be aware this version will likely be deprecated in 2028).
    hasBin: true

  v8-compile-cache-lib@3.0.1:
    resolution: {integrity: sha512-wa7YjyUGfNZngI/vtK0UHAN+lgDCxBPCylVXGp0zu59Fz5aiGtNXaq3DhIov063MorB+VfufLh3JlF2KdTK3xg==}

  verror@1.10.1:
    resolution: {integrity: sha512-veufcmxri4e3XSrT0xwfUR7kguIkaxBeosDg00yDWhk49wdwkSUrvvsm7nc75e1PUyvIeZj6nS8VQRYz2/S4Xg==}
    engines: {node: '>=0.6.0'}

  wrappy@1.0.2:
    resolution: {integrity: sha512-l4Sp/DRseor9wL6EvV2+TuQn63dMkPjZ/sp9XkghTEbV9KlPS1xUsZ3u7/IQO4wxtcFB4bgpQPRcR3QCvezPcQ==}

  yn@3.1.1:
    resolution: {integrity: sha512-Ux4ygGWsu2c7isFWe8Yu1YluJmqVhxqK2cLXNQA5AcC3QfbGNpM7fu0Y8b/z16pXLnFxZYvWhd3fhBY9DLmC6Q==}
    engines: {node: '>=6'}

snapshots:

  '@colors/colors@1.5.0':
    optional: true

  '@cspotcode/source-map-support@0.8.1':
    dependencies:
      '@jridgewell/trace-mapping': 0.3.9

  '@cucumber/create-meta@5.0.0':
    dependencies:
      '@cucumber/messages': 16.0.1

  '@cucumber/cucumber-expressions@12.1.3':
    dependencies:
      regexp-match-indices: 1.0.2

  '@cucumber/cucumber@7.3.1':
    dependencies:
      '@cucumber/create-meta': 5.0.0
      '@cucumber/cucumber-expressions': 12.1.3
      '@cucumber/gherkin': 19.0.3
      '@cucumber/gherkin-streams': 2.0.2
      '@cucumber/html-formatter': 15.0.2
      '@cucumber/messages': 16.0.1
      '@cucumber/tag-expressions': 3.0.1
      assertion-error-formatter: 3.0.0
      bluebird: 3.7.2
      capital-case: 1.0.4
      cli-table3: 0.6.5
      colors: 1.4.0
      commander: 7.2.0
      create-require: 1.1.1
      duration: 0.2.2
      durations: 3.4.2
      figures: 3.2.0
      glob: 7.2.3
      indent-string: 4.0.0
      is-generator: 1.0.3
      is-stream: 2.0.1
      knuth-shuffle-seeded: 1.0.6
      lodash: 4.18.1
      mz: 2.7.0
      progress: 2.0.3
      resolve: 1.22.12
      resolve-pkg: 2.0.0
      stack-chain: 2.0.0
      stacktrace-js: 2.0.2
      string-argv: 0.3.2
      tmp: 0.2.7
      util-arity: 1.1.0
      verror: 1.10.1

  '@cucumber/gherkin-streams@2.0.2':
    dependencies:
      '@cucumber/gherkin': 19.0.3
      '@cucumber/message-streams': 2.1.0
      '@cucumber/messages': 16.0.1
      commander: 7.2.0
      source-map-support: 0.5.19

  '@cucumber/gherkin@19.0.3':
    dependencies:
      '@cucumber/message-streams': 2.1.0
      '@cucumber/messages': 16.0.1

  '@cucumber/html-formatter@15.0.2':
    dependencies:
      '@cucumber/messages': 16.0.1
      commander: 7.2.0
      source-map-support: 0.5.19

  '@cucumber/message-streams@2.1.0':
    dependencies:
      '@cucumber/messages': 16.0.1

  '@cucumber/messages@16.0.1':
    dependencies:
      '@types/uuid': 8.3.0
      class-transformer: 0.4.0
      reflect-metadata: 0.1.13
      uuid: 8.3.2

  '@cucumber/pretty-formatter@3.3.1(@cucumber/messages@16.0.1)':
    dependencies:
      '@cucumber/messages': 16.0.1
      '@cucumber/query': 15.0.1(@cucumber/messages@16.0.1)
      luxon: 3.7.2

  '@cucumber/query@15.0.1(@cucumber/messages@16.0.1)':
    dependencies:
      '@cucumber/messages': 16.0.1
      '@teppeis/multimaps': 3.0.0
      lodash.sortby: 4.7.0

  '@cucumber/tag-expressions@3.0.1': {}

  '@jridgewell/resolve-uri@3.1.2': {}

  '@jridgewell/sourcemap-codec@1.6.0': {}

  '@jridgewell/trace-mapping@0.3.9':
    dependencies:
      '@jridgewell/resolve-uri': 3.1.2
      '@jridgewell/sourcemap-codec': 1.6.0

  '@playwright/test@1.63.0':
    dependencies:
      playwright: 1.63.0

  '@teppeis/multimaps@3.0.0': {}

  '@tsconfig/node10@1.0.13': {}

  '@tsconfig/node12@1.0.11': {}

  '@tsconfig/node14@1.0.3': {}

  '@tsconfig/node16@1.0.4': {}

  '@types/node@20.19.43':
    dependencies:
      undici-types: 6.21.0

  '@types/uuid@8.3.0': {}

  acorn-walk@8.3.5:
    dependencies:
      acorn: 8.18.0

  acorn@8.18.0: {}

  ansi-regex@5.0.1: {}

  any-promise@1.3.0: {}

  arg@4.1.3: {}

  assert-plus@1.0.0: {}

  assertion-error-formatter@3.0.0:
    dependencies:
      diff: 4.0.4
      pad-right: 0.2.2
      repeat-string: 1.6.1

  balanced-match@1.0.2: {}

  bluebird@3.7.2: {}

  brace-expansion@1.1.21:
    dependencies:
      balanced-match: 1.0.2
      concat-map: 0.0.1

  buffer-from@1.1.2: {}

  capital-case@1.0.4:
    dependencies:
      no-case: 3.0.4
      tslib: 2.8.1
      upper-case-first: 2.0.2

  class-transformer@0.4.0: {}

  cli-table3@0.6.5:
    dependencies:
      string-width: 4.2.3
    optionalDependencies:
      '@colors/colors': 1.5.0

  colors@1.4.0: {}

  commander@7.2.0: {}

  concat-map@0.0.1: {}

  core-util-is@1.0.2: {}

  create-require@1.1.1: {}

  d@1.0.2:
    dependencies:
      es5-ext: 0.10.64
      type: 2.7.3

  diff@4.0.4: {}

  duration@0.2.2:
    dependencies:
      d: 1.0.2
      es5-ext: 0.10.64

  durations@3.4.2: {}

  emoji-regex@8.0.0: {}

  error-stack-parser@2.1.4:
    dependencies:
      stackframe: 1.3.4

  es-errors@1.3.0: {}

  es5-ext@0.10.64:
    dependencies:
      es6-iterator: 2.0.3
      es6-symbol: 3.1.4
      esniff: 2.0.1
      next-tick: 1.1.0

  es6-iterator@2.0.3:
    dependencies:
      d: 1.0.2
      es5-ext: 0.10.64
      es6-symbol: 3.1.4

  es6-symbol@3.1.4:
    dependencies:
      d: 1.0.2
      ext: 1.7.0

  escape-string-regexp@1.0.5: {}

  esniff@2.0.1:
    dependencies:
      d: 1.0.2
      es5-ext: 0.10.64
      event-emitter: 0.3.5
      type: 2.7.3

  event-emitter@0.3.5:
    dependencies:
      d: 1.0.2
      es5-ext: 0.10.64

  ext@1.7.0:
    dependencies:
      type: 2.7.3

  extsprintf@1.4.1: {}

  figures@3.2.0:
    dependencies:
      escape-string-regexp: 1.0.5

  fs.realpath@1.0.0: {}

  function-bind@1.1.2: {}

  glob@7.2.3:
    dependencies:
      fs.realpath: 1.0.0
      inflight: 1.0.6
      inherits: 2.0.4
      minimatch: 3.1.5
      once: 1.4.0
      path-is-absolute: 1.0.1

  hasown@2.0.4:
    dependencies:
      function-bind: 1.1.2

  indent-string@4.0.0: {}

  inflight@1.0.6:
    dependencies:
      once: 1.4.0
      wrappy: 1.0.2

  inherits@2.0.4: {}

  is-core-module@2.17.0:
    dependencies:
      hasown: 2.0.4

  is-fullwidth-code-point@3.0.0: {}

  is-generator@1.0.3: {}

  is-stream@2.0.1: {}

  knuth-shuffle-seeded@1.0.6:
    dependencies:
      seed-random: 2.2.0

  lodash.sortby@4.7.0: {}

  lodash@4.18.1: {}

  lower-case@2.0.2:
    dependencies:
      tslib: 2.8.1

  luxon@3.7.2: {}

  make-error@1.3.6: {}

  minimatch@3.1.5:
    dependencies:
      brace-expansion: 1.1.21

  mz@2.7.0:
    dependencies:
      any-promise: 1.3.0
      object-assign: 4.1.1
      thenify-all: 1.6.0

  next-tick@1.1.0: {}

  no-case@3.0.4:
    dependencies:
      lower-case: 2.0.2
      tslib: 2.8.1

  object-assign@4.1.1: {}

  once@1.4.0:
    dependencies:
      wrappy: 1.0.2

  pad-right@0.2.2:
    dependencies:
      repeat-string: 1.6.1

  path-is-absolute@1.0.1: {}

  path-parse@1.0.7: {}

  playwright-core@1.63.0: {}

  playwright@1.63.0:
    dependencies:
      playwright-core: 1.63.0

  progress@2.0.3: {}

  reflect-metadata@0.1.13: {}

  regexp-match-indices@1.0.2:
    dependencies:
      regexp-tree: 0.1.27

  regexp-tree@0.1.27: {}

  repeat-string@1.6.1: {}

  resolve-from@5.0.0: {}

  resolve-pkg@2.0.0:
    dependencies:
      resolve-from: 5.0.0

  resolve@1.22.12:
    dependencies:
      es-errors: 1.3.0
      is-core-module: 2.17.0
      path-parse: 1.0.7
      supports-preserve-symlinks-flag: 1.0.0

  seed-random@2.2.0: {}

  source-map-support@0.5.19:
    dependencies:
      buffer-from: 1.1.2
      source-map: 0.6.1

  source-map@0.5.6: {}

  source-map@0.6.1: {}

  stack-chain@2.0.0: {}

  stack-generator@2.0.10:
    dependencies:
      stackframe: 1.3.4

  stackframe@1.3.4: {}

  stacktrace-gps@3.1.2:
    dependencies:
      source-map: 0.5.6
      stackframe: 1.3.4

  stacktrace-js@2.0.2:
    dependencies:
      error-stack-parser: 2.1.4
      stack-generator: 2.0.10
      stacktrace-gps: 3.1.2

  string-argv@0.3.2: {}

  string-width@4.2.3:
    dependencies:
      emoji-regex: 8.0.0
      is-fullwidth-code-point: 3.0.0
      strip-ansi: 6.0.1

  strip-ansi@6.0.1:
    dependencies:
      ansi-regex: 5.0.1

  supports-preserve-symlinks-flag@1.0.0: {}

  thenify-all@1.6.0:
    dependencies:
      thenify: 3.3.1

  thenify@3.3.1:
    dependencies:
      any-promise: 1.3.0

  tmp@0.2.7: {}

  ts-node@10.9.2(@types/node@20.19.43)(typescript@6.0.3):
    dependencies:
      '@cspotcode/source-map-support': 0.8.1
      '@tsconfig/node10': 1.0.13
      '@tsconfig/node12': 1.0.11
      '@tsconfig/node14': 1.0.3
      '@tsconfig/node16': 1.0.4
      '@types/node': 20.19.43
      acorn: 8.18.0
      acorn-walk: 8.3.5
      arg: 4.1.3
      create-require: 1.1.1
      diff: 4.0.4
      make-error: 1.3.6
      typescript: 6.0.3
      v8-compile-cache-lib: 3.0.1
      yn: 3.1.1

  tslib@2.8.1: {}

  type@2.7.3: {}

  typescript@6.0.3: {}

  undici-types@6.21.0: {}

  upper-case-first@2.0.2:
    dependencies:
      tslib: 2.8.1

  util-arity@1.1.0: {}

  uuid@8.3.2: {}

  v8-compile-cache-lib@3.0.1: {}

  verror@1.10.1:
    dependencies:
      assert-plus: 1.0.0
      core-util-is: 1.0.2
      extsprintf: 1.4.1

  wrappy@1.0.2: {}

  yn@3.1.1: {}
